
Microsoft Visual Studio Solution File, Format Version 12.00
# Visual Studio Version 16
VisualStudioVersion = 16.0.30309.148
MinimumVisualStudioVersion = 10.0.40219.1
Project("{9A19103F-16F7-4668-BE54-9A1E7A4F7556}") = "App.Api", "App.Api\App.Api.csproj", "{64E4F553-5EDB-4131-B1C4-667D2F56D165}"
EndProject
Project("{9A19103F-16F7-4668-BE54-9A1E7A4F7556}") = "App.Domain", "App.Domain\App.Domain.csproj", "{1E808EBE-38DE-406A-BB84-2EC82C84672E}"
EndProject
Project("{9A19103F-16F7-4668-BE54-9A1E7A4F7556}") = "App.Repository", "App.Repository\App.Repository.csproj", "{D4F0B6F1-5BBD-4FBB-8A23-33F96DF5BD17}"
EndProject
Project("{9A19103F-16F7-4668-BE54-9A1E7A4F7556}") = "App.Model", "App.Model\App.Model.csproj", "{6163C7C5-F2AC-487C-82D9-2EDCEA91CE27}"
EndProject
Global
	GlobalSection(SolutionConfigurationPlatforms) = preSolution
		Debug|Any CPU = Debug|Any CPU
		Release|Any CPU = Release|Any CPU
	EndGlobalSection
	GlobalSection(ProjectConfigurationPlatforms) = postSolution
		{64E4F553-5EDB-4131-B1C4-667D2F56D165}.Debug|Any CPU.ActiveCfg = Debug|Any CPU
		{64E4F553-5EDB-4131-B1C4-667D2F56D165}.Debug|Any CPU.Build.0 = Debug|Any CPU
		{64E4F553-5EDB-4131-B1C4-667D2F56D165}.Release|Any CPU.ActiveCfg = Release|Any CPU
		{64E4F553-5EDB-4131-B1C4-667D2F56D165}.Release|Any CPU.Build.0 = Release|Any CPU
		{1E808EBE-38DE-406A-BB84-2EC82C84672E}.Debug|Any CPU.ActiveCfg = Debug|Any CPU
		{1E808EBE-38DE-406A-BB84-2EC82C84672E}.Debug|Any CPU.Build.0 = Debug|Any CPU
		{1E808EBE-38DE-406A-BB84-2EC82C84672E}.Release|Any CPU.ActiveCfg = Release|Any CPU
		{1E808EBE-38DE-406A-BB84-2EC82C84672E}.Release|Any CPU.Build.0 = Release|Any CPU
		{D4F0B6F1-5BBD-4FBB-8A23-33F96DF5BD17}.Debug|Any CPU.ActiveCfg = Debug|Any CPU
		{D4F0B6F1-5BBD-4FBB-8A23-33F96DF5BD17}.Debug|Any CPU.Build.0 = Debug|Any CPU
		{D4F0B6F1-5BBD-4FBB-8A23-33F96DF5BD17}.Release|Any CPU.ActiveCfg = Release|Any CPU
		{D4F0B6F1-5BBD-4FBB-8A23-33F96DF5BD17}.Release|Any CPU.Build.0 = Release|Any CPU
		{6163C7C5-F2AC-487C-82D9-2EDCEA91CE27}.Debug|Any CPU.ActiveCfg = Debug|Any CPU
		{6163C7C5-F2AC-487C-82D9-2EDCEA91CE27}.Debug|Any CPU.Build.0 = Debug|Any CPU
		{6163C7C5-F2AC-487C-82D9-2EDCEA91CE27}.Release|Any CPU.ActiveCfg = Release|Any CPU
		{6163C7C5-F2AC-487C-82D9-2EDCEA91CE27}.Release|Any CPU.Build.0 = Release|Any CPU
	EndGlobalSection
	GlobalSection(SolutionProperties) = preSolution
		HideSolutionNode = FALSE
	EndGlobalSection
	GlobalSection(ExtensibilityGlobals) = postSolution
		SolutionGuid = {D57CF77B-2DE5-49A1-B312-561560BA9D86}
	EndGlobalSection
EndGlobal
